
Microsoft Visual Studio Solution File, Format Version 12.00
# Visual Studio Version 16
VisualStudioVersion = 16.0.31205.134
MinimumVisualStudioVersion = 10.0.40219.1
Project("{FAE04EC0-301F-11D3-BF4B-00C04F79EFBC}") = "WpfFirstApplication", "WpfFirstApplication\WpfFirstApplication.csproj", "{53F633BD-EE58-47EC-A937-BDB20186A049}"
EndProject
Global
	GlobalSection(SolutionConfigurationPlatforms) = preSolution
		Debug|Any CPU = Debug|Any CPU
		Release|Any CPU = Release|Any CPU
	EndGlobalSection
	GlobalSection(ProjectConfigurationPlatforms) = postSolution
		{53F633BD-EE58-47EC-A937-BDB20186A049}.Debug|Any CPU.ActiveCfg = Debug|Any CPU
		{53F633BD-EE58-47EC-A937-BDB20186A049}.Debug|Any CPU.Build.0 = Debug|Any CPU
		{53F633BD-EE58-47EC-A937-BDB20186A049}.Release|Any CPU.ActiveCfg = Release|Any CPU
		{53F633BD-EE58-47EC-A937-BDB20186A049}.Release|Any CPU.Build.0 = Release|Any CPU
	EndGlobalSection
	GlobalSection(SolutionProperties) = preSolution
		HideSolutionNode = FALSE
	EndGlobalSection
	GlobalSection(ExtensibilityGlobals) = postSolution
		SolutionGuid = {C45D6CD5-C02D-41DF-AF26-3AF5FA8741A8}
	EndGlobalSection
EndGlobal
